
Microsoft Visual Studio Solution File, Format Version 12.00
# Visual Studio 15
VisualStudioVersion = 15.0.26730.10
MinimumVisualStudioVersion = 10.0.40219.1
Project("{FAE04EC0-301F-11D3-BF4B-00C04F79EFBC}") = "Contacts.Android", "Contacts\Contacts.Android\Contacts.Android.csproj", "{BFA345D9-F56A-4B3D-8CBD-D349508F4704}"
EndProject
Project("{FAE04EC0-301F-11D3-BF4B-00C04F79EFBC}") = "Contacts", "Contacts\Contacts\Contacts.csproj", "{D082C657-FB64-4917-A270-17192E36B828}"
EndProject
Project("{FAE04EC0-301F-11D3-BF4B-00C04F79EFBC}") = "Contacts.UWP", "Contacts\Contacts.UWP\Contacts.UWP.csproj", "{40BDF022-8F27-44E8-AC26-8328448F798C}"
EndProject
Project("{FAE04EC0-301F-11D3-BF4B-00C04F79EFBC}") = "Contacts.iOS", "Contacts\Contacts.iOS\Contacts.iOS.csproj", "{AE7F4E91-0464-426E-9AAD-55DCB05DF1C1}"
EndProject
Global
	GlobalSection(SolutionConfigurationPlatforms) = preSolution
		Ad-Hoc|Any CPU = Ad-Hoc|Any CPU
		Ad-Hoc|ARM = Ad-Hoc|ARM
		Ad-Hoc|iPhone = Ad-Hoc|iPhone
		Ad-Hoc|iPhoneSimulator = Ad-Hoc|iPhoneSimulator
		Ad-Hoc|x64 = Ad-Hoc|x64
		Ad-Hoc|x86 = Ad-Hoc|x86
		AppStore|Any CPU = AppStore|Any CPU
		AppStore|ARM = AppStore|ARM
		AppStore|iPhone = AppStore|iPhone
		AppStore|iPhoneSimulator = AppStore|iPhoneSimulator
		AppStore|x64 = AppStore|x64
		AppStore|x86 = AppStore|x86
		Debug|Any CPU = Debug|Any CPU
		Debug|ARM = Debug|ARM
		Debug|iPhone = Debug|iPhone
		Debug|iPhoneSimulator = Debug|iPhoneSimulator
		Debug|x64 = Debug|x64
		Debug|x86 = Debug|x86
		Release|Any CPU = Release|Any CPU
		Release|ARM = Release|ARM
		Release|iPhone = Release|iPhone
		Release|iPhoneSimulator = Release|iPhoneSimulator
		Release|x64 = Release|x64
		Release|x86 = Release|x86
	EndGlobalSection
	GlobalSection(ProjectConfigurationPlatforms) = postSolution
		{BFA345D9-F56A-4B3D-8CBD-D349508F4704}.Ad-Hoc|Any CPU.ActiveCfg = Release|Any CPU
		{BFA345D9-F56A-4B3D-8CBD-D349508F4704}.Ad-Hoc|Any CPU.Build.0 = Release|Any CPU
		{BFA345D9-F56A-4B3D-8CBD-D349508F4704}.Ad-Hoc|Any CPU.Deploy.0 = Release|Any CPU
		{BFA345D9-F56A-4B3D-8CBD-D349508F4704}.Ad-Hoc|ARM.ActiveCfg = Release|Any CPU
		{BFA345D9-F56A-4B3D-8CBD-D349508F4704}.Ad-Hoc|ARM.Build.0 = Release|Any CPU
		{BFA345D9-F56A-4B3D-8CBD-D349508F4704}.Ad-Hoc|ARM.Deploy.0 = Release|Any CPU
		{BFA345D9-F56A-4B3D-8CBD-D349508F4704}.Ad-Hoc|iPhone.ActiveCfg = Release|Any CPU
		{BFA345D9-F56A-4B3D-8CBD-D349508F4704}.Ad-Hoc|iPhone.Build.0 = Release|Any CPU
		{BFA345D9-F56A-4B3D-8CBD-D349508F4704}.Ad-Hoc|iPhone.Deploy.0 = Release|Any CPU
		{BFA345D9-F56A-4B3D-8CBD-D349508F4704}.Ad-Hoc|iPhoneSimulator.ActiveCfg = Release|Any CPU
		{BFA345D9-F56A-4B3D-8CBD-D349508F4704}.Ad-Hoc|iPhoneSimulator.Build.0 = Release|Any CPU
		{BFA345D9-F56A-4B3D-8CBD-D349508F4704}.Ad-Hoc|iPhoneSimulator.Deploy.0 = Release|Any CPU
		{BFA345D9-F56A-4B3D-8CBD-D349508F4704}.Ad-Hoc|x64.ActiveCfg = Release|Any CPU
		{BFA345D9-F56A-4B3D-8CBD-D349508F4704}.Ad-Hoc|x64.Build.0 = Release|Any CPU
		{BFA345D9-F56A-4B3D-8CBD-D349508F4704}.Ad-Hoc|x64.Deploy.0 = Release|Any CPU
		{BFA345D9-F56A-4B3D-8CBD-D349508F4704}.Ad-Hoc|x86.ActiveCfg = Release|Any CPU
		{BFA345D9-F56A-4B3D-8CBD-D349508F4704}.Ad-Hoc|x86.Build.0 = Release|Any CPU
		{BFA345D9-F56A-4B3D-8CBD-D349508F4704}.Ad-Hoc|x86.Deploy.0 = Release|Any CPU
		{BFA345D9-F56A-4B3D-8CBD-D349508F4704}.AppStore|Any CPU.ActiveCfg = Release|Any CPU
		{BFA345D9-F56A-4B3D-8CBD-D349508F4704}.AppStore|Any CPU.Build.0 = Release|Any CPU
		{BFA345D9-F56A-4B3D-8CBD-D349508F4704}.AppStore|Any CPU.Deploy.0 = Release|Any CPU
		{BFA345D9-F56A-4B3D-8CBD-D349508F4704}.AppStore|ARM.ActiveCfg = Release|Any CPU
		{BFA345D9-F56A-4B3D-8CBD-D349508F4704}.AppStore|ARM.Build.0 = Release|Any CPU
		{BFA345D9-F56A-4B3D-8CBD-D349508F4704}.AppStore|ARM.Deploy.0 = Release|Any CPU
		{BFA345D9-F56A-4B3D-8CBD-D349508F4704}.AppStore|iPhone.ActiveCfg = Release|Any CPU
		{BFA345D9-F56A-4B3D-8CBD-D349508F4704}.AppStore|iPhone.Build.0 = Release|Any CPU
		{BFA345D9-F56A-4B3D-8CBD-D349508F4704}.AppStore|iPhone.Deploy.0 = Release|Any CPU
		{BFA345D9-F56A-4B3D-8CBD-D349508F4704}.AppStore|iPhoneSimulator.ActiveCfg = Release|Any CPU
		{BFA345D9-F56A-4B3D-8CBD-D349508F4704}.AppStore|iPhoneSimulator.Build.0 = Release|Any CPU
		{BFA345D9-F56A-4B3D-8CBD-D349508F4704}.AppStore|iPhoneSimulator.Deploy.0 = Release|Any CPU
		{BFA345D9-F56A-4B3D-8CBD-D349508F4704}.AppStore|x64.ActiveCfg = Release|Any CPU
		{BFA345D9-F56A-4B3D-8CBD-D349508F4704}.AppStore|x64.Build.0 = Release|Any CPU
		{BFA345D9-F56A-4B3D-8CBD-D349508F4704}.AppStore|x64.Deploy.0 = Release|Any CPU
		{BFA345D9-F56A-4B3D-8CBD-D349508F4704}.AppStore|x86.ActiveCfg = Release|Any CPU
		{BFA345D9-F56A-4B3D-8CBD-D349508F4704}.AppStore|x86.Build.0 = Release|Any CPU
		{BFA345D9-F56A-4B3D-8CBD-D349508F4704}.AppStore|x86.Deploy.0 = Release|Any CPU
		{BFA345D9-F56A-4B3D-8CBD-D349508F4704}.Debug|Any CPU.ActiveCfg = Debug|Any CPU
		{BFA345D9-F56A-4B3D-8CBD-D349508F4704}.Debug|Any CPU.Build.0 = Debug|Any CPU
		{BFA345D9-F56A-4B3D-8CBD-D349508F4704}.Debug|Any CPU.Deploy.0 = Debug|Any CPU
		{BFA345D9-F56A-4B3D-8CBD-D349508F4704}.Debug|ARM.ActiveCfg = Debug|Any CPU
		{BFA345D9-F56A-4B3D-8CBD-D349508F4704}.Debug|ARM.Build.0 = Debug|Any CPU
		{BFA345D9-F56A-4B3D-8CBD-D349508F4704}.Debug|ARM.Deploy.0 = Debug|Any CPU
		{BFA345D9-F56A-4B3D-8CBD-D349508F4704}.Debug|iPhone.ActiveCfg = Debug|Any CPU
		{BFA345D9-F56A-4B3D-8CBD-D349508F4704}.Debug|iPhone.Build.0 = Debug|Any CPU
		{BFA345D9-F56A-4B3D-8CBD-D349508F4704}.Debug|iPhone.Deploy.0 = Debug|Any CPU
		{BFA345D9-F56A-4B3D-8CBD-D349508F4704}.Debug|iPhoneSimulator.ActiveCfg = Debug|Any CPU
		{BFA345D9-F56A-4B3D-8CBD-D349508F4704}.Debug|iPhoneSimulator.Build.0 = Debug|Any CPU
		{BFA345D9-F56A-4B3D-8CBD-D349508F4704}.Debug|iPhoneSimulator.Deploy.0 = Debug|Any CPU
		{BFA345D9-F56A-4B3D-8CBD-D349508F4704}.Debug|x64.ActiveCfg = Debug|Any CPU
		{BFA345D9-F56A-4B3D-8CBD-D349508F4704}.Debug|x64.Build.0 = Debug|Any CPU
		{BFA345D9-F56A-4B3D-8CBD-D349508F4704}.Debug|x64.Deploy.0 = Debug|Any CPU
		{BFA345D9-F56A-4B3D-8CBD-D349508F4704}.Debug|x86.ActiveCfg = Debug|Any CPU
		{BFA345D9-F56A-4B3D-8CBD-D349508F4704}.Debug|x86.Build.0 = Debug|Any CPU
		{BFA345D9-F56A-4B3D-8CBD-D349508F4704}.Debug|x86.Deploy.0 = Debug|Any CPU
		{BFA345D9-F56A-4B3D-8CBD-D349508F4704}.Release|Any CPU.ActiveCfg = Release|Any CPU
		{BFA345D9-F56A-4B3D-8CBD-D349508F4704}.Release|Any CPU.Build.0 = Release|Any CPU
		{BFA345D9-F56A-4B3D-8CBD-D349508F4704}.Release|Any CPU.Deploy.0 = Release|Any CPU
		{BFA345D9-F56A-4B3D-8CBD-D349508F4704}.Release|ARM.ActiveCfg = Release|Any CPU
		{BFA345D9-F56A-4B3D-8CBD-D349508F4704}.Release|ARM.Build.0 = Release|Any CPU
		{BFA345D9-F56A-4B3D-8CBD-D349508F4704}.Release|ARM.Deploy.0 = Release|Any CPU
		{BFA345D9-F56A-4B3D-8CBD-D349508F4704}.Release|iPhone.ActiveCfg = Release|Any CPU
		{BFA345D9-F56A-4B3D-8CBD-D349508F4704}.Release|iPhone.Build.0 = Release|Any CPU
		{BFA345D9-F56A-4B3D-8CBD-D349508F4704}.Release|iPhone.Deploy.0 = Release|Any CPU
		{BFA345D9-F56A-4B3D-8CBD-D349508F4704}.Release|iPhoneSimulator.ActiveCfg = Release|Any CPU
		{BFA345D9-F56A-4B3D-8CBD-D349508F4704}.Release|iPhoneSimulator.Build.0 = Release|Any CPU
		{BFA345D9-F56A-4B3D-8CBD-D349508F4704}.Release|iPhoneSimulator.Deploy.0 = Release|Any CPU
		{BFA345D9-F56A-4B3D-8CBD-D349508F4704}.Release|x64.ActiveCfg = Release|Any CPU
		{BFA345D9-F56A-4B3D-8CBD-D349508F4704}.Release|x64.Build.0 = Release|Any CPU
		{BFA345D9-F56A-4B3D-8CBD-D349508F4704}.Release|x64.Deploy.0 = Release|Any CPU
		{BFA345D9-F56A-4B3D-8CBD-D349508F4704}.Release|x86.ActiveCfg = Release|Any CPU
		{BFA345D9-F56A-4B3D-8CBD-D349508F4704}.Release|x86.Build.0 = Release|Any CPU
		{BFA345D9-F56A-4B3D-8CBD-D349508F4704}.Release|x86.Deploy.0 = Release|Any CPU
		{D082C657-FB64-4917-A270-17192E36B828}.Ad-Hoc|Any CPU.ActiveCfg = Release|Any CPU
		{D082C657-FB64-4917-A270-17192E36B828}.Ad-Hoc|Any CPU.Build.0 = Release|Any CPU
		{D082C657-FB64-4917-A270-17192E36B828}.Ad-Hoc|ARM.ActiveCfg = Release|Any CPU
		{D082C657-FB64-4917-A270-17192E36B828}.Ad-Hoc|ARM.Build.0 = Release|Any CPU
		{D082C657-FB64-4917-A270-17192E36B828}.Ad-Hoc|iPhone.ActiveCfg = Release|Any CPU
		{D082C657-FB64-4917-A270-17192E36B828}.Ad-Hoc|iPhone.Build.0 = Release|Any CPU
		{D082C657-FB64-4917-A270-17192E36B828}.Ad-Hoc|iPhoneSimulator.ActiveCfg = Release|Any CPU
		{D082C657-FB64-4917-A270-17192E36B828}.Ad-Hoc|iPhoneSimulator.Build.0 = Release|Any CPU
		{D082C657-FB64-4917-A270-17192E36B828}.Ad-Hoc|x64.ActiveCfg = Release|Any CPU
		{D082C657-FB64-4917-A270-17192E36B828}.Ad-Hoc|x64.Build.0 = Release|Any CPU
		{D082C657-FB64-4917-A270-17192E36B828}.Ad-Hoc|x86.ActiveCfg = Release|Any CPU
		{D082C657-FB64-4917-A270-17192E36B828}.Ad-Hoc|x86.Build.0 = Release|Any CPU
		{D082C657-FB64-4917-A270-17192E36B828}.AppStore|Any CPU.ActiveCfg = Release|Any CPU
		{D082C657-FB64-4917-A270-17192E36B828}.AppStore|Any CPU.Build.0 = Release|Any CPU
		{D082C657-FB64-4917-A270-17192E36B828}.AppStore|ARM.ActiveCfg = Release|Any CPU
		{D082C657-FB64-4917-A270-17192E36B828}.AppStore|ARM.Build.0 = Release|Any CPU
		{D082C657-FB64-4917-A270-17192E36B828}.AppStore|iPhone.ActiveCfg = Release|Any CPU
		{D082C657-FB64-4917-A270-17192E36B828}.AppStore|iPhone.Build.0 = Release|Any CPU
		{D082C657-FB64-4917-A270-17192E36B828}.AppStore|iPhoneSimulator.ActiveCfg = Release|Any CPU
		{D082C657-FB64-4917-A270-17192E36B828}.AppStore|iPhoneSimulator.Build.0 = Release|Any CPU
		{D082C657-FB64-4917-A270-17192E36B828}.AppStore|x64.ActiveCfg = Release|Any CPU
		{D082C657-FB64-4917-A270-17192E36B828}.AppStore|x64.Build.0 = Release|Any CPU
		{D082C657-FB64-4917-A270-17192E36B828}.AppStore|x86.ActiveCfg = Release|Any CPU
		{D082C657-FB64-4917-A270-17192E36B828}.AppStore|x86.Build.0 = Release|Any CPU
		{D082C657-FB64-4917-A270-17192E36B828}.Debug|Any CPU.ActiveCfg = Debug|Any CPU
		{D082C657-FB64-4917-A270-17192E36B828}.Debug|Any CPU.Build.0 = Debug|Any CPU
		{D082C657-FB64-4917-A270-17192E36B828}.Debug|ARM.ActiveCfg = Debug|Any CPU
		{D082C657-FB64-4917-A270-17192E36B828}.Debug|ARM.Build.0 = Debug|Any CPU
		{D082C657-FB64-4917-A270-17192E36B828}.Debug|iPhone.ActiveCfg = Debug|Any CPU
		{D082C657-FB64-4917-A270-17192E36B828}.Debug|iPhone.Build.0 = Debug|Any CPU
		{D082C657-FB64-4917-A270-17192E36B828}.Debug|iPhoneSimulator.ActiveCfg = Debug|Any CPU
		{D082C657-FB64-4917-A270-17192E36B828}.Debug|iPhoneSimulator.Build.0 = Debug|Any CPU
		{D082C657-FB64-4917-A270-17192E36B828}.Debug|x64.ActiveCfg = Debug|Any CPU
		{D082C657-FB64-4917-A270-17192E36B828}.Debug|x64.Build.0 = Debug|Any CPU
		{D082C657-FB64-4917-A270-17192E36B828}.Debug|x86.ActiveCfg = Debug|Any CPU
		{D082C657-FB64-4917-A270-17192E36B828}.Debug|x86.Build.0 = Debug|Any CPU
		{D082C657-FB64-4917-A270-17192E36B828}.Release|Any CPU.ActiveCfg = Release|Any CPU
		{D082C657-FB64-4917-A270-17192E36B828}.Release|Any CPU.Build.0 = Release|Any CPU
		{D082C657-FB64-4917-A270-17192E36B828}.Release|ARM.ActiveCfg = Release|Any CPU
		{D082C657-FB64-4917-A270-17192E36B828}.Release|ARM.Build.0 = Release|Any CPU
		{D082C657-FB64-4917-A270-17192E36B828}.Release|iPhone.ActiveCfg = Release|Any CPU
		{D082C657-FB64-4917-A270-17192E36B828}.Release|iPhone.Build.0 = Release|Any CPU
		{D082C657-FB64-4917-A270-17192E36B828}.Release|iPhoneSimulator.ActiveCfg = Release|Any CPU
		{D082C657-FB64-4917-A270-17192E36B828}.Release|iPhoneSimulator.Build.0 = Release|Any CPU
		{D082C657-FB64-4917-A270-17192E36B828}.Release|x64.ActiveCfg = Release|Any CPU
		{D082C657-FB64-4917-A270-17192E36B828}.Release|x64.Build.0 = Release|Any CPU
		{D082C657-FB64-4917-A270-17192E36B828}.Release|x86.ActiveCfg = Release|Any CPU
		{D082C657-FB64-4917-A270-17192E36B828}.Release|x86.Build.0 = Release|Any CPU
		{40BDF022-8F27-44E8-AC26-8328448F798C}.Ad-Hoc|Any CPU.ActiveCfg = Release|x86
		{40BDF022-8F27-44E8-AC26-8328448F798C}.Ad-Hoc|Any CPU.Build.0 = Release|x86
		{40BDF022-8F27-44E8-AC26-8328448F798C}.Ad-Hoc|Any CPU.Deploy.0 = Release|x86
		{40BDF022-8F27-44E8-AC26-8328448F798C}.Ad-Hoc|ARM.ActiveCfg = Release|ARM
		{40BDF022-8F27-44E8-AC26-8328448F798C}.Ad-Hoc|ARM.Build.0 = Release|ARM
		{40BDF022-8F27-44E8-AC26-8328448F798C}.Ad-Hoc|ARM.Deploy.0 = Release|ARM
		{40BDF022-8F27-44E8-AC26-8328448F798C}.Ad-Hoc|iPhone.ActiveCfg = Release|x86
		{40BDF022-8F27-44E8-AC26-8328448F798C}.Ad-Hoc|iPhone.Build.0 = Release|x86
		{40BDF022-8F27-44E8-AC26-8328448F798C}.Ad-Hoc|iPhone.Deploy.0 = Release|x86
		{40BDF022-8F27-44E8-AC26-8328448F798C}.Ad-Hoc|iPhoneSimulator.ActiveCfg = Release|x86
		{40BDF022-8F27-44E8-AC26-8328448F798C}.Ad-Hoc|iPhoneSimulator.Build.0 = Release|x86
		{40BDF022-8F27-44E8-AC26-8328448F798C}.Ad-Hoc|iPhoneSimulator.Deploy.0 = Release|x86
		{40BDF022-8F27-44E8-AC26-8328448F798C}.Ad-Hoc|x64.ActiveCfg = Release|x64
		{40BDF022-8F27-44E8-AC26-8328448F798C}.Ad-Hoc|x64.Build.0 = Release|x64
		{40BDF022-8F27-44E8-AC26-8328448F798C}.Ad-Hoc|x64.Deploy.0 = Release|x64
		{40BDF022-8F27-44E8-AC26-8328448F798C}.Ad-Hoc|x86.ActiveCfg = Release|x86
		{40BDF022-8F27-44E8-AC26-8328448F798C}.Ad-Hoc|x86.Build.0 = Release|x86
		{40BDF022-8F27-44E8-AC26-8328448F798C}.Ad-Hoc|x86.Deploy.0 = Release|x86
		{40BDF022-8F27-44E8-AC26-8328448F798C}.AppStore|Any CPU.ActiveCfg = Release|x86
		{40BDF022-8F27-44E8-AC26-8328448F798C}.AppStore|Any CPU.Build.0 = Release|x86
		{40BDF022-8F27-44E8-AC26-8328448F798C}.AppStore|Any CPU.Deploy.0 = Release|x86
		{40BDF022-8F27-44E8-AC26-8328448F798C}.AppStore|ARM.ActiveCfg = Release|ARM
		{40BDF022-8F27-44E8-AC26-8328448F798C}.AppStore|ARM.Build.0 = Release|ARM
		{40BDF022-8F27-44E8-AC26-8328448F798C}.AppStore|ARM.Deploy.0 = Release|ARM
		{40BDF022-8F27-44E8-AC26-8328448F798C}.AppStore|iPhone.ActiveCfg = Release|x86
		{40BDF022-8F27-44E8-AC26-8328448F798C}.AppStore|iPhone.Build.0 = Release|x86
		{40BDF022-8F27-44E8-AC26-8328448F798C}.AppStore|iPhone.Deploy.0 = Release|x86
		{40BDF022-8F27-44E8-AC26-8328448F798C}.AppStore|iPhoneSimulator.ActiveCfg = Release|x86
		{40BDF022-8F27-44E8-AC26-8328448F798C}.AppStore|iPhoneSimulator.Build.0 = Release|x86
		{40BDF022-8F27-44E8-AC26-8328448F798C}.AppStore|iPhoneSimulator.Deploy.0 = Release|x86
		{40BDF022-8F27-44E8-AC26-8328448F798C}.AppStore|x64.ActiveCfg = Release|x64
		{40BDF022-8F27-44E8-AC26-8328448F798C}.AppStore|x64.Build.0 = Release|x64
		{40BDF022-8F27-44E8-AC26-8328448F798C}.AppStore|x64.Deploy.0 = Release|x64
		{40BDF022-8F27-44E8-AC26-8328448F798C}.AppStore|x86.ActiveCfg = Release|x86
		{40BDF022-8F27-44E8-AC26-8328448F798C}.AppStore|x86.Build.0 = Release|x86
		{40BDF022-8F27-44E8-AC26-8328448F798C}.AppStore|x86.Deploy.0 = Release|x86
		{40BDF022-8F27-44E8-AC26-8328448F798C}.Debug|Any CPU.ActiveCfg = Debug|x86
		{40BDF022-8F27-44E8-AC26-8328448F798C}.Debug|ARM.ActiveCfg = Debug|ARM
		{40BDF022-8F27-44E8-AC26-8328448F798C}.Debug|ARM.Build.0 = Debug|ARM
		{40BDF022-8F27-44E8-AC26-8328448F798C}.Debug|ARM.Deploy.0 = Debug|ARM
		{40BDF022-8F27-44E8-AC26-8328448F798C}.Debug|iPhone.ActiveCfg = Debug|x86
		{40BDF022-8F27-44E8-AC26-8328448F798C}.Debug|iPhoneSimulator.ActiveCfg = Debug|x86
		{40BDF022-8F27-44E8-AC26-8328448F798C}.Debug|x64.ActiveCfg = Debug|x64
		{40BDF022-8F27-44E8-AC26-8328448F798C}.Debug|x64.Build.0 = Debug|x64
		{40BDF022-8F27-44E8-AC26-8328448F798C}.Debug|x64.Deploy.0 = Debug|x64
		{40BDF022-8F27-44E8-AC26-8328448F798C}.Debug|x86.ActiveCfg = Debug|x86
		{40BDF022-8F27-44E8-AC26-8328448F798C}.Debug|x86.Build.0 = Debug|x86
		{40BDF022-8F27-44E8-AC26-8328448F798C}.Debug|x86.Deploy.0 = Debug|x86
		{40BDF022-8F27-44E8-AC26-8328448F798C}.Release|Any CPU.ActiveCfg = Release|x86
		{40BDF022-8F27-44E8-AC26-8328448F798C}.Release|ARM.ActiveCfg = Release|ARM
		{40BDF022-8F27-44E8-AC26-8328448F798C}.Release|ARM.Build.0 = Release|ARM
		{40BDF022-8F27-44E8-AC26-8328448F798C}.Release|ARM.Deploy.0 = Release|ARM
		{40BDF022-8F27-44E8-AC26-8328448F798C}.Release|iPhone.ActiveCfg = Release|x86
		{40BDF022-8F27-44E8-AC26-8328448F798C}.Release|iPhoneSimulator.ActiveCfg = Release|x86
		{40BDF022-8F27-44E8-AC26-8328448F798C}.Release|x64.ActiveCfg = Release|x64
		{40BDF022-8F27-44E8-AC26-8328448F798C}.Release|x64.Build.0 = Release|x64
		{40BDF022-8F27-44E8-AC26-8328448F798C}.Release|x64.Deploy.0 = Release|x64
		{40BDF022-8F27-44E8-AC26-8328448F798C}.Release|x86.ActiveCfg = Release|x86
		{40BDF022-8F27-44E8-AC26-8328448F798C}.Release|x86.Build.0 = Release|x86
		{40BDF022-8F27-44E8-AC26-8328448F798C}.Release|x86.Deploy.0 = Release|x86
		{AE7F4E91-0464-426E-9AAD-55DCB05DF1C1}.Ad-Hoc|Any CPU.ActiveCfg = Ad-Hoc|iPhone
		{AE7F4E91-0464-426E-9AAD-55DCB05DF1C1}.Ad-Hoc|ARM.ActiveCfg = Ad-Hoc|iPhone
		{AE7F4E91-0464-426E-9AAD-55DCB05DF1C1}.Ad-Hoc|iPhone.ActiveCfg = Ad-Hoc|iPhone
		{AE7F4E91-0464-426E-9AAD-55DCB05DF1C1}.Ad-Hoc|iPhone.Build.0 = Ad-Hoc|iPhone
		{AE7F4E91-0464-426E-9AAD-55DCB05DF1C1}.Ad-Hoc|iPhoneSimulator.ActiveCfg = Ad-Hoc|iPhoneSimulator
		{AE7F4E91-0464-426E-9AAD-55DCB05DF1C1}.Ad-Hoc|iPhoneSimulator.Build.0 = Ad-Hoc|iPhoneSimulator
		{AE7F4E91-0464-426E-9AAD-55DCB05DF1C1}.Ad-Hoc|x64.ActiveCfg = Ad-Hoc|iPhone
		{AE7F4E91-0464-426E-9AAD-55DCB05DF1C1}.Ad-Hoc|x86.ActiveCfg = Ad-Hoc|iPhone
		{AE7F4E91-0464-426E-9AAD-55DCB05DF1C1}.AppStore|Any CPU.ActiveCfg = AppStore|iPhone
		{AE7F4E91-0464-426E-9AAD-55DCB05DF1C1}.AppStore|ARM.ActiveCfg = AppStore|iPhone
		{AE7F4E91-0464-426E-9AAD-55DCB05DF1C1}.AppStore|iPhone.ActiveCfg = AppStore|iPhone
		{AE7F4E91-0464-426E-9AAD-55DCB05DF1C1}.AppStore|iPhone.Build.0 = AppStore|iPhone
		{AE7F4E91-0464-426E-9AAD-55DCB05DF1C1}.AppStore|iPhoneSimulator.ActiveCfg = AppStore|iPhoneSimulator
		{AE7F4E91-0464-426E-9AAD-55DCB05DF1C1}.AppStore|iPhoneSimulator.Build.0 = AppStore|iPhoneSimulator
		{AE7F4E91-0464-426E-9AAD-55DCB05DF1C1}.AppStore|x64.ActiveCfg = AppStore|iPhone
		{AE7F4E91-0464-426E-9AAD-55DCB05DF1C1}.AppStore|x86.ActiveCfg = AppStore|iPhone
		{AE7F4E91-0464-426E-9AAD-55DCB05DF1C1}.Debug|Any CPU.ActiveCfg = Debug|iPhone
		{AE7F4E91-0464-426E-9AAD-55DCB05DF1C1}.Debug|ARM.ActiveCfg = Debug|iPhone
		{AE7F4E91-0464-426E-9AAD-55DCB05DF1C1}.Debug|iPhone.ActiveCfg = Debug|iPhone
		{AE7F4E91-0464-426E-9AAD-55DCB05DF1C1}.Debug|iPhone.Build.0 = Debug|iPhone
		{AE7F4E91-0464-426E-9AAD-55DCB05DF1C1}.Debug|iPhoneSimulator.ActiveCfg = Debug|iPhoneSimulator
		{AE7F4E91-0464-426E-9AAD-55DCB05DF1C1}.Debug|iPhoneSimulator.Build.0 = Debug|iPhoneSimulator
		{AE7F4E91-0464-426E-9AAD-55DCB05DF1C1}.Debug|x64.ActiveCfg = Debug|iPhone
		{AE7F4E91-0464-426E-9AAD-55DCB05DF1C1}.Debug|x86.ActiveCfg = Debug|iPhone
		{AE7F4E91-0464-426E-9AAD-55DCB05DF1C1}.Release|Any CPU.ActiveCfg = Release|iPhone
		{AE7F4E91-0464-426E-9AAD-55DCB05DF1C1}.Release|ARM.ActiveCfg = Release|iPhone
		{AE7F4E91-0464-426E-9AAD-55DCB05DF1C1}.Release|iPhone.ActiveCfg = Release|iPhone
		{AE7F4E91-0464-426E-9AAD-55DCB05DF1C1}.Release|iPhone.Build.0 = Release|iPhone
		{AE7F4E91-0464-426E-9AAD-55DCB05DF1C1}.Release|iPhoneSimulator.ActiveCfg = Release|iPhoneSimulator
		{AE7F4E91-0464-426E-9AAD-55DCB05DF1C1}.Release|iPhoneSimulator.Build.0 = Release|iPhoneSimulator
		{AE7F4E91-0464-426E-9AAD-55DCB05DF1C1}.Release|x64.ActiveCfg = Release|iPhone
		{AE7F4E91-0464-426E-9AAD-55DCB05DF1C1}.Release|x86.ActiveCfg = Release|iPhone
	EndGlobalSection
	GlobalSection(SolutionProperties) = preSolution
		HideSolutionNode = FALSE
	EndGlobalSection
	GlobalSection(ExtensibilityGlobals) = postSolution
		SolutionGuid = {608B7BA1-2278-46E8-B099-46A5C298587B}
	EndGlobalSection
EndGlobal
